// !$*UTF8*$!
{
	archiveVersion = 1;
	classes = {
	};
	objectVersion = 55;
	objects = {

/* Begin PBXBuildFile section */
		31E8AB6F03439C78BF0F2876 /* Pods_parstagram.framework in Frameworks */ = {isa = PBXBuildFile; fileRef = 4B87126FFA5CCBF081E28A41 /* Pods_parstagram.framework */; };
		517083BA3436022E1870AFEE /* Pods_parstagramTests.framework in Frameworks */ = {isa = PBXBuildFile; fileRef = 0BD0499DB2C458B1BDD3634A /* Pods_parstagramTests.framework */; };
		96C25D4627EE699D004CF6A2 /* AppDelegate.swift in Sources */ = {isa = PBXBuildFile; fileRef = 96C25D4527EE699D004CF6A2 /* AppDelegate.swift */; };
		96C25D4827EE699D004CF6A2 /* SceneDelegate.swift in Sources */ = {isa = PBXBuildFile; fileRef = 96C25D4727EE699D004CF6A2 /* SceneDelegate.swift */; };
		96C25D4D27EE699D004CF6A2 /* Main.storyboard in Resources */ = {isa = PBXBuildFile; fileRef = 96C25D4B27EE699D004CF6A2 /* Main.storyboard */; };
		96C25D4F27EE699F004CF6A2 /* Assets.xcassets in Resources */ = {isa = PBXBuildFile; fileRef = 96C25D4E27EE699F004CF6A2 /* Assets.xcassets */; };
		96C25D5227EE699F004CF6A2 /* LaunchScreen.storyboard in Resources */ = {isa = PBXBuildFile; fileRef = 96C25D5027EE699F004CF6A2 /* LaunchScreen.storyboard */; };
		96C25D5D27EE699F004CF6A2 /* parstagramTests.swift in Sources */ = {isa = PBXBuildFile; fileRef = 96C25D5C27EE699F004CF6A2 /* parstagramTests.swift */; };
		96C25D6727EE699F004CF6A2 /* parstagramUITests.swift in Sources */ = {isa = PBXBuildFile; fileRef = 96C25D6627EE699F004CF6A2 /* parstagramUITests.swift */; };
		96C25D6927EE699F004CF6A2 /* parstagramUITestsLaunchTests.swift in Sources */ = {isa = PBXBuildFile; fileRef = 96C25D6827EE699F004CF6A2 /* parstagramUITestsLaunchTests.swift */; };
		96C25D7627EE7336004CF6A2 /* LoginViewController.swift in Sources */ = {isa = PBXBuildFile; fileRef = 96C25D7527EE7336004CF6A2 /* LoginViewController.swift */; };
		96C25D7827EE7354004CF6A2 /* FeedViewController.swift in Sources */ = {isa = PBXBuildFile; fileRef = 96C25D7727EE7354004CF6A2 /* FeedViewController.swift */; };
		96C25D7A27EF692A004CF6A2 /* CameraViewController.swift in Sources */ = {isa = PBXBuildFile; fileRef = 96C25D7927EF692A004CF6A2 /* CameraViewController.swift */; };
		96C25D7C27EF76D2004CF6A2 /* PostCell.swift in Sources */ = {isa = PBXBuildFile; fileRef = 96C25D7B27EF76D2004CF6A2 /* PostCell.swift */; };
		E8CD11B60F47CDD360BE080B /* Pods_parstagram_parstagramUITests.framework in Frameworks */ = {isa = PBXBuildFile; fileRef = 8429F48835EB122FB05EA35D /* Pods_parstagram_parstagramUITests.framework */; };
/* End PBXBuildFile section */

/* Begin PBXContainerItemProxy section */
		96C25D5927EE699F004CF6A2 /* PBXContainerItemProxy */ = {
			isa = PBXContainerItemProxy;
			containerPortal = 96C25D3A27EE699D004CF6A2 /* Project object */;
			proxyType = 1;
			remoteGlobalIDString = 96C25D4127EE699D004CF6A2;
			remoteInfo = parstagram;
		};
		96C25D6327EE699F004CF6A2 /* PBXContainerItemProxy */ = {
			isa = PBXContainerItemProxy;
			containerPortal = 96C25D3A27EE699D004CF6A2 /* Project object */;
			proxyType = 1;
			remoteGlobalIDString = 96C25D4127EE699D004CF6A2;
			remoteInfo = parstagram;
		};
/* End PBXContainerItemProxy section */

/* Begin PBXFileReference section */
		0BD0499DB2C458B1BDD3634A /* Pods_parstagramTests.framework */ = {isa = PBXFileReference; explicitFileType = wrapper.framework; includeInIndex = 0; path = Pods_parstagramTests.framework; sourceTree = BUILT_PRODUCTS_DIR; };
		0E69B4D4F5BA1AB1823A28A7 /* Pods-parstagramTests.release.xcconfig */ = {isa = PBXFileReference; includeInIndex = 1; lastKnownFileType = text.xcconfig; name = "Pods-parstagramTests.release.xcconfig"; path = "Target Support Files/Pods-parstagramTests/Pods-parstagramTests.release.xcconfig"; sourceTree = "<group>"; };
		3863E02DC00A98373C583801 /* Pods-parstagram.debug.xcconfig */ = {isa = PBXFileReference; includeInIndex = 1; lastKnownFileType = text.xcconfig; name = "Pods-parstagram.debug.xcconfig"; path = "Target Support Files/Pods-parstagram/Pods-parstagram.debug.xcconfig"; sourceTree = "<group>"; };
		3B8A0293C18D817718FA3CFC /* Pods-parstagram-parstagramUITests.release.xcconfig */ = {isa = PBXFileReference; includeInIndex = 1; lastKnownFileType = text.xcconfig; name = "Pods-parstagram-parstagramUITests.release.xcconfig"; path = "Target Support Files/Pods-parstagram-parstagramUITests/Pods-parstagram-parstagramUITests.release.xcconfig"; sourceTree = "<group>"; };
		4B87126FFA5CCBF081E28A41 /* Pods_parstagram.framework */ = {isa = PBXFileReference; explicitFileType = wrapper.framework; includeInIndex = 0; path = Pods_parstagram.framework; sourceTree = BUILT_PRODUCTS_DIR; };
		5866C80DF80E4B18AC3234FA /* Pods-parstagramTests.debug.xcconfig */ = {isa = PBXFileReference; includeInIndex = 1; lastKnownFileType = text.xcconfig; name = "Pods-parstagramTests.debug.xcconfig"; path = "Target Support Files/Pods-parstagramTests/Pods-parstagramTests.debug.xcconfig"; sourceTree = "<group>"; };
		625F49DF5F49C87DB5B5CAB6 /* Pods-parstagram.release.xcconfig */ = {isa = PBXFileReference; includeInIndex = 1; lastKnownFileType = text.xcconfig; name = "Pods-parstagram.release.xcconfig"; path = "Target Support Files/Pods-parstagram/Pods-parstagram.release.xcconfig"; sourceTree = "<group>"; };
		8429F48835EB122FB05EA35D /* Pods_parstagram_parstagramUITests.framework */ = {isa = PBXFileReference; explicitFileType = wrapper.framework; includeInIndex = 0; path = Pods_parstagram_parstagramUITests.framework; sourceTree = BUILT_PRODUCTS_DIR; };
		96C25D4227EE699D004CF6A2 /* parstagram.app */ = {isa = PBXFileReference; explicitFileType = wrapper.application; includeInIndex = 0; path = parstagram.app; sourceTree = BUILT_PRODUCTS_DIR; };
		96C25D4527EE699D004CF6A2 /* AppDelegate.swift */ = {isa = PBXFileReference; lastKnownFileType = sourcecode.swift; path = AppDelegate.swift; sourceTree = "<group>"; };
		96C25D4727EE699D004CF6A2 /* SceneDelegate.swift */ = {isa = PBXFileReference; lastKnownFileType = sourcecode.swift; path = SceneDelegate.swift; sourceTree = "<group>"; };
		96C25D4C27EE699D004CF6A2 /* Base */ = {isa = PBXFileReference; lastKnownFileType = file.storyboard; name = Base; path = Base.lproj/Main.storyboard; sourceTree = "<group>"; };
		96C25D4E27EE699F004CF6A2 /* Assets.xcassets */ = {isa = PBXFileReference; lastKnownFileType = folder.assetcatalog; path = Assets.xcassets; sourceTree = "<group>"; };
		96C25D5127EE699F004CF6A2 /* Base */ = {isa = PBXFileReference; lastKnownFileType = file.storyboard; name = Base; path = Base.lproj/LaunchScreen.storyboard; sourceTree = "<group>"; };
		96C25D5327EE699F004CF6A2 /* Info.plist */ = {isa = PBXFileReference; lastKnownFileType = text.plist.xml; path = Info.plist; sourceTree = "<group>"; };
		96C25D5827EE699F004CF6A2 /* parstagramTests.xctest */ = {isa = PBXFileReference; explicitFileType = wrapper.cfbundle; includeInIndex = 0; path = parstagramTests.xctest; sourceTree = BUILT_PRODUCTS_DIR; };
		96C25D5C27EE699F004CF6A2 /* parstagramTests.swift */ = {isa = PBXFileReference; lastKnownFileType = sourcecode.swift; path = parstagramTests.swift; sourceTree = "<group>"; };
		96C25D6227EE699F004CF6A2 /* parstagramUITests.xctest */ = {isa = PBXFileReference; explicitFileType = wrapper.cfbundle; includeInIndex = 0; path = parstagramUITests.xctest; sourceTree = BUILT_PRODUCTS_DIR; };
		96C25D6627EE699F004CF6A2 /* parstagramUITests.swift */ = {isa = PBXFileReference; lastKnownFileType = sourcecode.swift; path = parstagramUITests.swift; sourceTree = "<group>"; };
		96C25D6827EE699F004CF6A2 /* parstagramUITestsLaunchTests.swift */ = {isa = PBXFileReference; lastKnownFileType = sourcecode.swift; path = parstagramUITestsLaunchTests.swift; sourceTree = "<group>"; };
		96C25D7527EE7336004CF6A2 /* LoginViewController.swift */ = {isa = PBXFileReference; lastKnownFileType = sourcecode.swift; path = LoginViewController.swift; sourceTree = "<group>"; };
		96C25D7727EE7354004CF6A2 /* FeedViewController.swift */ = {isa = PBXFileReference; lastKnownFileType = sourcecode.swift; path = FeedViewController.swift; sourceTree = "<group>"; };
		96C25D7927EF692A004CF6A2 /* CameraViewController.swift */ = {isa = PBXFileReference; lastKnownFileType = sourcecode.swift; path = CameraViewController.swift; sourceTree = "<group>"; };
		96C25D7B27EF76D2004CF6A2 /* PostCell.swift */ = {isa = PBXFileReference; lastKnownFileType = sourcecode.swift; path = PostCell.swift; sourceTree = "<group>"; };
		E16952F6658EBAB558CD5A86 /* Pods-parstagram-parstagramUITests.debug.xcconfig */ = {isa = PBXFileReference; includeInIndex = 1; lastKnownFileType = text.xcconfig; name = "Pods-parstagram-parstagramUITests.debug.xcconfig"; path = "Target Support Files/Pods-parstagram-parstagramUITests/Pods-parstagram-parstagramUITests.debug.xcconfig"; sourceTree = "<group>"; };
/* End PBXFileReference section */

/* Begin PBXFrameworksBuildPhase section */
		96C25D3F27EE699D004CF6A2 /* Frameworks */ = {
			isa = PBXFrameworksBuildPhase;
			buildActionMask = 2147483647;
			files = (
				31E8AB6F03439C78BF0F2876 /* Pods_parstagram.framework in Frameworks */,
			);
			runOnlyForDeploymentPostprocessing = 0;
		};
		96C25D5527EE699F004CF6A2 /* Frameworks */ = {
			isa = PBXFrameworksBuildPhase;
			buildActionMask = 2147483647;
			files = (
				517083BA3436022E1870AFEE /* Pods_parstagramTests.framework in Frameworks */,
			);
			runOnlyForDeploymentPostprocessing = 0;
		};
		96C25D5F27EE699F004CF6A2 /* Frameworks */ = {
			isa = PBXFrameworksBuildPhase;
			buildActionMask = 2147483647;
			files = (
				E8CD11B60F47CDD360BE080B /* Pods_parstagram_parstagramUITests.framework in Frameworks */,
			);
			runOnlyForDeploymentPostprocessing = 0;
		};
/* End PBXFrameworksBuildPhase section */

/* Begin PBXGroup section */
		2240554CF9BDA34C8B3D74D7 /* Pods */ = {
			isa = PBXGroup;
			children = (
				3863E02DC00A98373C583801 /* Pods-parstagram.debug.xcconfig */,
				625F49DF5F49C87DB5B5CAB6 /* Pods-parstagram.release.xcconfig */,
				E16952F6658EBAB558CD5A86 /* Pods-parstagram-parstagramUITests.debug.xcconfig */,
				3B8A0293C18D817718FA3CFC /* Pods-parstagram-parstagramUITests.release.xcconfig */,
				5866C80DF80E4B18AC3234FA /* Pods-parstagramTests.debug.xcconfig */,
				0E69B4D4F5BA1AB1823A28A7 /* Pods-parstagramTests.release.xcconfig */,
			);
			path = Pods;
			sourceTree = "<group>";
		};
		4028ECB61CB83DF02A563536 /* Frameworks */ = {
			isa = PBXGroup;
			children = (
				4B87126FFA5CCBF081E28A41 /* Pods_parstagram.framework */,
				8429F48835EB122FB05EA35D /* Pods_parstagram_parstagramUITests.framework */,
				0BD0499DB2C458B1BDD3634A /* Pods_parstagramTests.framework */,
			);
			name = Frameworks;
			sourceTree = "<group>";
		};
		96C25D3927EE699D004CF6A2 = {
			isa = PBXGroup;
			children = (
				96C25D4427EE699D004CF6A2 /* parstagram */,
				96C25D5B27EE699F004CF6A2 /* parstagramTests */,
				96C25D6527EE699F004CF6A2 /* parstagramUITests */,
				96C25D4327EE699D004CF6A2 /* Products */,
				2240554CF9BDA34C8B3D74D7 /* Pods */,
				4028ECB61CB83DF02A563536 /* Frameworks */,
			);
			sourceTree = "<group>";
		};
		96C25D4327EE699D004CF6A2 /* Products */ = {
			isa = PBXGroup;
			children = (
				96C25D4227EE699D004CF6A2 /* parstagram.app */,
				96C25D5827EE699F004CF6A2 /* parstagramTests.xctest */,
				96C25D6227EE699F004CF6A2 /* parstagramUITests.xctest */,
			);
			name = Products;
			sourceTree = "<group>";
		};
		96C25D4427EE699D004CF6A2 /* parstagram */ = {
			isa = PBXGroup;
			children = (
				96C25D7B27EF76D2004CF6A2 /* PostCell.swift */,
				96C25D7927EF692A004CF6A2 /* CameraViewController.swift */,
				96C25D7727EE7354004CF6A2 /* FeedViewController.swift */,
				96C25D7527EE7336004CF6A2 /* LoginViewController.swift */,
				96C25D4527EE699D004CF6A2 /* AppDelegate.swift */,
				96C25D4727EE699D004CF6A2 /* SceneDelegate.swift */,
				96C25D4B27EE699D004CF6A2 /* Main.storyboard */,
				96C25D4E27EE699F004CF6A2 /* Assets.xcassets */,
				96C25D5027EE699F004CF6A2 /* LaunchScreen.storyboard */,
				96C25D5327EE699F004CF6A2 /* Info.plist */,
			);
			path = parstagram;
			sourceTree = "<group>";
		};
		96C25D5B27EE699F004CF6A2 /* parstagramTests */ = {
			isa = PBXGroup;
			children = (
				96C25D5C27EE699F004CF6A2 /* parstagramTests.swift */,
			);
			path = parstagramTests;
			sourceTree = "<group>";
		};
		96C25D6527EE699F004CF6A2 /* parstagramUITests */ = {
			isa = PBXGroup;
			children = (
				96C25D6627EE699F004CF6A2 /* parstagramUITests.swift */,
				96C25D6827EE699F004CF6A2 /* parstagramUITestsLaunchTests.swift */,
			);
			path = parstagramUITests;
			sourceTree = "<group>";
		};
/* End PBXGroup section */

/* Begin PBXNativeTarget section */
		96C25D4127EE699D004CF6A2 /* parstagram */ = {
			isa = PBXNativeTarget;
			buildConfigurationList = 96C25D6C27EE699F004CF6A2 /* Build configuration list for PBXNativeTarget "parstagram" */;
			buildPhases = (
				D74528DB94833A887C358CCD /* [CP] Check Pods Manifest.lock */,
				96C25D3E27EE699D004CF6A2 /* Sources */,
				96C25D3F27EE699D004CF6A2 /* Frameworks */,
				96C25D4027EE699D004CF6A2 /* Resources */,
				53C0E73C40D18390A60234DC /* [CP] Embed Pods Frameworks */,
			);
			buildRules = (
			);
			dependencies = (
			);
			name = parstagram;
			productName = parstagram;
			productReference = 96C25D4227EE699D004CF6A2 /* parstagram.app */;
			productType = "com.apple.product-type.application";
		};
		96C25D5727EE699F004CF6A2 /* parstagramTests */ = {
			isa = PBXNativeTarget;
			buildConfigurationList = 96C25D6F27EE699F004CF6A2 /* Build configuration list for PBXNativeTarget "parstagramTests" */;
			buildPhases = (
				93DE6117D105ACB8E172128C /* [CP] Check Pods Manifest.lock */,
				96C25D5427EE699F004CF6A2 /* Sources */,
				96C25D5527EE699F004CF6A2 /* Frameworks */,
				96C25D5627EE699F004CF6A2 /* Resources */,
			);
			buildRules = (
			);
			dependencies = (
				96C25D5A27EE699F004CF6A2 /* PBXTargetDependency */,
			);
			name = parstagramTests;
			productName = parstagramTests;
			productReference = 96C25D5827EE699F004CF6A2 /* parstagramTests.xctest */;
			productType = "com.apple.product-type.bundle.unit-test";
		};
		96C25D6127EE699F004CF6A2 /* parstagramUITests */ = {
			isa = PBXNativeTarget;
			buildConfigurationList = 96C25D7227EE699F004CF6A2 /* Build configuration list for PBXNativeTarget "parstagramUITests" */;
			buildPhases = (
				656A78B96870622422EC6609 /* [CP] Check Pods Manifest.lock */,
				96C25D5E27EE699F004CF6A2 /* Sources */,
				96C25D5F27EE699F004CF6A2 /* Frameworks */,
				96C25D6027EE699F004CF6A2 /* Resources */,
				C65F509DF2163007D9705BF4 /* [CP] Embed Pods Frameworks */,
			);
			buildRules = (
			);
			dependencies = (
				96C25D6427EE699F004CF6A2 /* PBXTargetDependency */,
			);
			name = parstagramUITests;
			productName = parstagramUITests;
			productReference = 96C25D6227EE699F004CF6A2 /* parstagramUITests.xctest */;
			productType = "com.apple.product-type.bundle.ui-testing";
		};
/* End PBXNativeTarget section */

/* Begin PBXProject section */
		96C25D3A27EE699D004CF6A2 /* Project object */ = {
			isa = PBXProject;
			attributes = {
				BuildIndependentTargetsInParallel = 1;
				LastSwiftUpdateCheck = 1320;
				LastUpgradeCheck = 1320;
				TargetAttributes = {
					96C25D4127EE699D004CF6A2 = {
						CreatedOnToolsVersion = 13.2.1;
					};
					96C25D5727EE699F004CF6A2 = {
						CreatedOnToolsVersion = 13.2.1;
						TestTargetID = 96C25D4127EE699D004CF6A2;
					};
					96C25D6127EE699F004CF6A2 = {
						CreatedOnToolsVersion = 13.2.1;
						TestTargetID = 96C25D4127EE699D004CF6A2;
					};
				};
			};
			buildConfigurationList = 96C25D3D27EE699D004CF6A2 /* Build configuration list for PBXProject "parstagram" */;
			compatibilityVersion = "Xcode 13.0";
			developmentRegion = en;
			hasScannedForEncodings = 0;
			knownRegions = (
				en,
				Base,
			);
			mainGroup = 96C25D3927EE699D004CF6A2;
			productRefGroup = 96C25D4327EE699D004CF6A2 /* Products */;
			projectDirPath = "";
			projectRoot = "";
			targets = (
				96C25D4127EE699D004CF6A2 /* parstagram */,
				96C25D5727EE699F004CF6A2 /* parstagramTests */,
				96C25D6127EE699F004CF6A2 /* parstagramUITests */,
			);
		};
/* End PBXProject section */

/* Begin PBXResourcesBuildPhase section */
		96C25D4027EE699D004CF6A2 /* Resources */ = {
			isa = PBXResourcesBuildPhase;
			buildActionMask = 2147483647;
			files = (
				96C25D5227EE699F004CF6A2 /* LaunchScreen.storyboard in Resources */,
				96C25D4F27EE699F004CF6A2 /* Assets.xcassets in Resources */,
				96C25D4D27EE699D004CF6A2 /* Main.storyboard in Resources */,
			);
			runOnlyForDeploymentPostprocessing = 0;
		};
		96C25D5627EE699F004CF6A2 /* Resources */ = {
			isa = PBXResourcesBuildPhase;
			buildActionMask = 2147483647;
			files = (
			);
			runOnlyForDeploymentPostprocessing = 0;
		};
		96C25D6027EE699F004CF6A2 /* Resources */ = {
			isa = PBXResourcesBuildPhase;
			buildActionMask = 2147483647;
			files = (
			);
			runOnlyForDeploymentPostprocessing = 0;
		};
/* End PBXResourcesBuildPhase section */

/* Begin PBXShellScriptBuildPhase section */
		53C0E73C40D18390A60234DC /* [CP] Embed Pods Frameworks */ = {
			isa = PBXShellScriptBuildPhase;
			buildActionMask = 2147483647;
			files = (
			);
			inputFileListPaths = (
				"${PODS_ROOT}/Target Support Files/Pods-parstagram/Pods-parstagram-frameworks-${CONFIGURATION}-input-files.xcfilelist",
			);
			name = "[CP] Embed Pods Frameworks";
			outputFileListPaths = (
				"${PODS_ROOT}/Target Support Files/Pods-parstagram/Pods-parstagram-frameworks-${CONFIGURATION}-output-files.xcfilelist",
			);
			runOnlyForDeploymentPostprocessing = 0;
			shellPath = /bin/sh;
			shellScript = "\"${PODS_ROOT}/Target Support Files/Pods-parstagram/Pods-parstagram-frameworks.sh\"\n";
			showEnvVarsInLog = 0;
		};
		656A78B96870622422EC6609 /* [CP] Check Pods Manifest.lock */ = {
			isa = PBXShellScriptBuildPhase;
			buildActionMask = 2147483647;
			files = (
			);
			inputFileListPaths = (
			);
			inputPaths = (
				"${PODS_PODFILE_DIR_PATH}/Podfile.lock",
				"${PODS_ROOT}/Manifest.lock",
			);
			name = "[CP] Check Pods Manifest.lock";
			outputFileListPaths = (
			);
			outputPaths = (
				"$(DERIVED_FILE_DIR)/Pods-parstagram-parstagramUITests-checkManifestLockResult.txt",
			);
			runOnlyForDeploymentPostprocessing = 0;
			shellPath = /bin/sh;
			shellScript = "diff \"${PODS_PODFILE_DIR_PATH}/Podfile.lock\" \"${PODS_ROOT}/Manifest.lock\" > /dev/null\nif [ $? != 0 ] ; then\n    # print error to STDERR\n    echo \"error: The sandbox is not in sync with the Podfile.lock. Run 'pod install' or update your CocoaPods installation.\" >&2\n    exit 1\nfi\n# This output is used by Xcode 'outputs' to avoid re-running this script phase.\necho \"SUCCESS\" > \"${SCRIPT_OUTPUT_FILE_0}\"\n";
			showEnvVarsInLog = 0;
		};
		93DE6117D105ACB8E172128C /* [CP] Check Pods Manifest.lock */ = {
			isa = PBXShellScriptBuildPhase;
			buildActionMask = 2147483647;
			files = (
			);
			inputFileListPaths = (
			);
			inputPaths = (
				"${PODS_PODFILE_DIR_PATH}/Podfile.lock",
				"${PODS_ROOT}/Manifest.lock",
			);
			name = "[CP] Check Pods Manifest.lock";
			outputFileListPaths = (
			);
			outputPaths = (
				"$(DERIVED_FILE_DIR)/Pods-parstagramTests-checkManifestLockResult.txt",
			);
			runOnlyForDeploymentPostprocessing = 0;
			shellPath = /bin/sh;
			shellScript = "diff \"${PODS_PODFILE_DIR_PATH}/Podfile.lock\" \"${PODS_ROOT}/Manifest.lock\" > /dev/null\nif [ $? != 0 ] ; then\n    # print error to STDERR\n    echo \"error: The sandbox is not in sync with the Podfile.lock. Run 'pod install' or update your CocoaPods installation.\" >&2\n    exit 1\nfi\n# This output is used by Xcode 'outputs' to avoid re-running this script phase.\necho \"SUCCESS\" > \"${SCRIPT_OUTPUT_FILE_0}\"\n";
			showEnvVarsInLog = 0;
		};
		C65F509DF2163007D9705BF4 /* [CP] Embed Pods Frameworks */ = {
			isa = PBXShellScriptBuildPhase;
			buildActionMask = 2147483647;
			files = (
			);
			inputFileListPaths = (
				"${PODS_ROOT}/Target Support Files/Pods-parstagram-parstagramUITests/Pods-parstagram-parstagramUITests-frameworks-${CONFIGURATION}-input-files.xcfilelist",
			);
			name = "[CP] Embed Pods Frameworks";
			outputFileListPaths = (
				"${PODS_ROOT}/Target Support Files/Pods-parstagram-parstagramUITests/Pods-parstagram-parstagramUITests-frameworks-${CONFIGURATION}-output-files.xcfilelist",
			);
			runOnlyForDeploymentPostprocessing = 0;
			shellPath = /bin/sh;
			shellScript = "\"${PODS_ROOT}/Target Support Files/Pods-parstagram-parstagramUITests/Pods-parstagram-parstagramUITests-frameworks.sh\"\n";
			showEnvVarsInLog = 0;
		};
		D74528DB94833A887C358CCD /* [CP] Check Pods Manifest.lock */ = {
			isa = PBXShellScriptBuildPhase;
			buildActionMask = 2147483647;
			files = (
			);
			inputFileListPaths = (
			);
			inputPaths = (
				"${PODS_PODFILE_DIR_PATH}/Podfile.lock",
				"${PODS_ROOT}/Manifest.lock",
			);
			name = "[CP] Check Pods Manifest.lock";
			outputFileListPaths = (
			);
			outputPaths = (
				"$(DERIVED_FILE_DIR)/Pods-parstagram-checkManifestLockResult.txt",
			);
			runOnlyForDeploymentPostprocessing = 0;
			shellPath = /bin/sh;
			shellScript = "diff \"${PODS_PODFILE_DIR_PATH}/Podfile.lock\" \"${PODS_ROOT}/Manifest.lock\" > /dev/null\nif [ $? != 0 ] ; then\n    # print error to STDERR\n    echo \"error: The sandbox is not in sync with the Podfile.lock. Run 'pod install' or update your CocoaPods installation.\" >&2\n    exit 1\nfi\n# This output is used by Xcode 'outputs' to avoid re-running this script phase.\necho \"SUCCESS\" > \"${SCRIPT_OUTPUT_FILE_0}\"\n";
			showEnvVarsInLog = 0;
		};
/* End PBXShellScriptBuildPhase section */

/* Begin PBXSourcesBuildPhase section */
		96C25D3E27EE699D004CF6A2 /* Sources */ = {
			isa = PBXSourcesBuildPhase;
			buildActionMask = 2147483647;
			files = (
				96C25D7627EE7336004CF6A2 /* LoginViewController.swift in Sources */,
				96C25D7A27EF692A004CF6A2 /* CameraViewController.swift in Sources */,
				96C25D4627EE699D004CF6A2 /* AppDelegate.swift in Sources */,
				96C25D7827EE7354004CF6A2 /* FeedViewController.swift in Sources */,
				96C25D4827EE699D004CF6A2 /* SceneDelegate.swift in Sources */,
				96C25D7C27EF76D2004CF6A2 /* PostCell.swift in Sources */,
			);
			runOnlyForDeploymentPostprocessing = 0;
		};
		96C25D5427EE699F004CF6A2 /* Sources */ = {
			isa = PBXSourcesBuildPhase;
			buildActionMask = 2147483647;
			files = (
				96C25D5D27EE699F004CF6A2 /* parstagramTests.swift in Sources */,
			);
			runOnlyForDeploymentPostprocessing = 0;
		};
		96C25D5E27EE699F004CF6A2 /* Sources */ = {
			isa = PBXSourcesBuildPhase;
			buildActionMask = 2147483647;
			files = (
				96C25D6927EE699F004CF6A2 /* parstagramUITestsLaunchTests.swift in Sources */,
				96C25D6727EE699F004CF6A2 /* parstagramUITests.swift in Sources */,
			);
			runOnlyForDeploymentPostprocessing = 0;
		};
/* End PBXSourcesBuildPhase section */

/* Begin PBXTargetDependency section */
		96C25D5A27EE699F004CF6A2 /* PBXTargetDependency */ = {
			isa = PBXTargetDependency;
			target = 96C25D4127EE699D004CF6A2 /* parstagram */;
			targetProxy = 96C25D5927EE699F004CF6A2 /* PBXContainerItemProxy */;
		};
		96C25D6427EE699F004CF6A2 /* PBXTargetDependency */ = {
			isa = PBXTargetDependency;
			target = 96C25D4127EE699D004CF6A2 /* parstagram */;
			targetProxy = 96C25D6327EE699F004CF6A2 /* PBXContainerItemProxy */;
		};
/* End PBXTargetDependency section */

/* Begin PBXVariantGroup section */
		96C25D4B27EE699D004CF6A2 /* Main.storyboard */ = {
			isa = PBXVariantGroup;
			children = (
				96C25D4C27EE699D004CF6A2 /* Base */,
			);
			name = Main.storyboard;
			sourceTree = "<group>";
		};
		96C25D5027EE699F004CF6A2 /* LaunchScreen.storyboard */ = {
			isa = PBXVariantGroup;
			children = (
				96C25D5127EE699F004CF6A2 /* Base */,
			);
			name = LaunchScreen.storyboard;
			sourceTree = "<group>";
		};
/* End PBXVariantGroup section */

/* Begin XCBuildConfiguration section */
		96C25D6A27EE699F004CF6A2 /* Debug */ = {
			isa = XCBuildConfiguration;
			buildSettings = {
				ALWAYS_SEARCH_USER_PATHS = NO;
				CLANG_ANALYZER_NONNULL = YES;
				CLANG_ANALYZER_NUMBER_OBJECT_CONVERSION = YES_AGGRESSIVE;
				CLANG_CXX_LANGUAGE_STANDARD = "gnu++17";
				CLANG_CXX_LIBRARY = "libc++";
				CLANG_ENABLE_MODULES = YES;
				CLANG_ENABLE_OBJC_ARC = YES;
				CLANG_ENABLE_OBJC_WEAK = YES;
				CLANG_WARN_BLOCK_CAPTURE_AUTORELEASING = YES;
				CLANG_WARN_BOOL_CONVERSION = YES;
				CLANG_WARN_COMMA = YES;
				CLANG_WARN_CONSTANT_CONVERSION = YES;
				CLANG_WARN_DEPRECATED_OBJC_IMPLEMENTATIONS = YES;
				CLANG_WARN_DIRECT_OBJC_ISA_USAGE = YES_ERROR;
				CLANG_WARN_DOCUMENTATION_COMMENTS = YES;
				CLANG_WARN_EMPTY_BODY = YES;
				CLANG_WARN_ENUM_CONVERSION = YES;
				CLANG_WARN_INFINITE_RECURSION = YES;
				CLANG_WARN_INT_CONVERSION = YES;
				CLANG_WARN_NON_LITERAL_NULL_CONVERSION = YES;
				CLANG_WARN_OBJC_IMPLICIT_RETAIN_SELF = YES;
				CLANG_WARN_OBJC_LITERAL_CONVERSION = YES;
				CLANG_WARN_OBJC_ROOT_CLASS = YES_ERROR;
				CLANG_WARN_QUOTED_INCLUDE_IN_FRAMEWORK_HEADER = YES;
				CLANG_WARN_RANGE_LOOP_ANALYSIS = YES;
				CLANG_WARN_STRICT_PROTOTYPES = YES;
				CLANG_WARN_SUSPICIOUS_MOVE = YES;
				CLANG_WARN_UNGUARDED_AVAILABILITY = YES_AGGRESSIVE;
				CLANG_WARN_UNREACHABLE_CODE = YES;
				CLANG_WARN__DUPLICATE_METHOD_MATCH = YES;
				COPY_PHASE_STRIP = NO;
				DEBUG_INFORMATION_FORMAT = dwarf;
				ENABLE_STRICT_OBJC_MSGSEND = YES;
				ENABLE_TESTABILITY = YES;
				GCC_C_LANGUAGE_STANDARD = gnu11;
				GCC_DYNAMIC_NO_PIC = NO;
				GCC_NO_COMMON_BLOCKS = YES;
				GCC_OPTIMIZATION_LEVEL = 0;
				GCC_PREPROCESSOR_DEFINITIONS = (
					"DEBUG=1",
					"$(inherited)",
				);
				GCC_WARN_64_TO_32_BIT_CONVERSION = YES;
				GCC_WARN_ABOUT_RETURN_TYPE = YES_ERROR;
				GCC_WARN_UNDECLARED_SELECTOR = YES;
				GCC_WARN_UNINITIALIZED_AUTOS = YES_AGGRESSIVE;
				GCC_WARN_UNUSED_FUNCTION = YES;
				GCC_WARN_UNUSED_VARIABLE = YES;
				IPHONEOS_DEPLOYMENT_TARGET = 15.2;
				MTL_ENABLE_DEBUG_INFO = INCLUDE_SOURCE;
				MTL_FAST_MATH = YES;
				ONLY_ACTIVE_ARCH = YES;
				SDKROOT = iphoneos;
				SWIFT_ACTIVE_COMPILATION_CONDITIONS = DEBUG;
				SWIFT_OPTIMIZATION_LEVEL = "-Onone";
			};
			name = Debug;
		};
		96C25D6B27EE699F004CF6A2 /* Release */ = {
			isa = XCBuildConfiguration;
			buildSettings = {
				ALWAYS_SEARCH_USER_PATHS = NO;
				CLANG_ANALYZER_NONNULL = YES;
				CLANG_ANALYZER_NUMBER_OBJECT_CONVERSION = YES_AGGRESSIVE;
				CLANG_CXX_LANGUAGE_STANDARD = "gnu++17";
				CLANG_CXX_LIBRARY = "libc++";
				CLANG_ENABLE_MODULES = YES;
				CLANG_ENABLE_OBJC_ARC = YES;
				CLANG_ENABLE_OBJC_WEAK = YES;
				CLANG_WARN_BLOCK_CAPTURE_AUTORELEASING = YES;
				CLANG_WARN_BOOL_CONVERSION = YES;
				CLANG_WARN_COMMA = YES;
				CLANG_WARN_CONSTANT_CONVERSION = YES;
				CLANG_WARN_DEPRECATED_OBJC_IMPLEMENTATIONS = YES;
				CLANG_WARN_DIRECT_OBJC_ISA_USAGE = YES_ERROR;
				CLANG_WARN_DOCUMENTATION_COMMENTS = YES;
				CLANG_WARN_EMPTY_BODY = YES;
				CLANG_WARN_ENUM_CONVERSION = YES;
				CLANG_WARN_INFINITE_RECURSION = YES;
				CLANG_WARN_INT_CONVERSION = YES;
				CLANG_WARN_NON_LITERAL_NULL_CONVERSION = YES;
				CLANG_WARN_OBJC_IMPLICIT_RETAIN_SELF = YES;
				CLANG_WARN_OBJC_LITERAL_CONVERSION = YES;
				CLANG_WARN_OBJC_ROOT_CLASS = YES_ERROR;
				CLANG_WARN_QUOTED_INCLUDE_IN_FRAMEWORK_HEADER = YES;
				CLANG_WARN_RANGE_LOOP_ANALYSIS = YES;
				CLANG_WARN_STRICT_PROTOTYPES = YES;
				CLANG_WARN_SUSPICIOUS_MOVE = YES;
				CLANG_WARN_UNGUARDED_AVAILABILITY = YES_AGGRESSIVE;
				CLANG_WARN_UNREACHABLE_CODE = YES;
				CLANG_WARN__DUPLICATE_METHOD_MATCH = YES;
				COPY_PHASE_STRIP = NO;
				DEBUG_INFORMATION_FORMAT = "dwarf-with-dsym";
				ENABLE_NS_ASSERTIONS = NO;
				ENABLE_STRICT_OBJC_MSGSEND = YES;
				GCC_C_LANGUAGE_STANDARD = gnu11;
				GCC_NO_COMMON_BLOCKS = YES;
				GCC_WARN_64_TO_32_BIT_CONVERSION = YES;
				GCC_WARN_ABOUT_RETURN_TYPE = YES_ERROR;
				GCC_WARN_UNDECLARED_SELECTOR = YES;
				GCC_WARN_UNINITIALIZED_AUTOS = YES_AGGRESSIVE;
				GCC_WARN_UNUSED_FUNCTION = YES;
				GCC_WARN_UNUSED_VARIABLE = YES;
				IPHONEOS_DEPLOYMENT_TARGET = 15.2;
				MTL_ENABLE_DEBUG_INFO = NO;
				MTL_FAST_MATH = YES;
				SDKROOT = iphoneos;
				SWIFT_COMPILATION_MODE = wholemodule;
				SWIFT_OPTIMIZATION_LEVEL = "-O";
				VALIDATE_PRODUCT = YES;
			};
			name = Release;
		};
		96C25D6D27EE699F004CF6A2 /* Debug */ = {
			isa = XCBuildConfiguration;
			baseConfigurationReference = 3863E02DC00A98373C583801 /* Pods-parstagram.debug.xcconfig */;
			buildSettings = {
				ASSETCATALOG_COMPILER_APPICON_NAME = AppIcon;
				ASSETCATALOG_COMPILER_GLOBAL_ACCENT_COLOR_NAME = AccentColor;
				CODE_SIGN_STYLE = Automatic;
				CURRENT_PROJECT_VERSION = 1;
				DEVELOPMENT_TEAM = 35Y5848D5Y;
				GENERATE_INFOPLIST_FILE = YES;
				INFOPLIST_FILE = parstagram/Info.plist;
				INFOPLIST_KEY_UIApplicationSupportsIndirectInputEvents = YES;
				INFOPLIST_KEY_UILaunchStoryboardName = LaunchScreen;
				INFOPLIST_KEY_UIMainStoryboardFile = Main;
				INFOPLIST_KEY_UISupportedInterfaceOrientations_iPad = "UIInterfaceOrientationPortrait UIInterfaceOrientationPortraitUpsideDown UIInterfaceOrientationLandscapeLeft UIInterfaceOrientationLandscapeRight";
				INFOPLIST_KEY_UISupportedInterfaceOrientations_iPhone = "UIInterfaceOrientationPortrait UIInterfaceOrientationLandscapeLeft UIInterfaceOrientationLandscapeRight";
				LD_RUNPATH_SEARCH_PATHS = (
					"$(inherited)",
					"@executable_path/Frameworks",
				);
				MARKETING_VERSION = 1.0;
				PRODUCT_BUNDLE_IDENTIFIER = Prework.parstagram;
				PRODUCT_NAME = "$(TARGET_NAME)";
				SWIFT_EMIT_LOC_STRINGS = YES;
				SWIFT_VERSION = 5.0;
				TARGETED_DEVICE_FAMILY = "1,2";
			};
			name = Debug;
		};
		96C25D6E27EE699F004CF6A2 /* Release */ = {
			isa = XCBuildConfiguration;
			baseConfigurationReference = 625F49DF5F49C87DB5B5CAB6 /* Pods-parstagram.release.xcconfig */;
			buildSettings = {
				ASSETCATALOG_COMPILER_APPICON_NAME = AppIcon;
				ASSETCATALOG_COMPILER_GLOBAL_ACCENT_COLOR_NAME = AccentColor;
				CODE_SIGN_STYLE = Automatic;
				CURRENT_PROJECT_VERSION = 1;
				DEVELOPMENT_TEAM = 35Y5848D5Y;
				GENERATE_INFOPLIST_FILE = YES;
				INFOPLIST_FILE = parstagram/Info.plist;
				INFOPLIST_KEY_UIApplicationSupportsIndirectInputEvents = YES;
				INFOPLIST_KEY_UILaunchStoryboardName = LaunchScreen;
				INFOPLIST_KEY_UIMainStoryboardFile = Main;
				INFOPLIST_KEY_UISupportedInterfaceOrientations_iPad = "UIInterfaceOrientationPortrait UIInterfaceOrientationPortraitUpsideDown UIInterfaceOrientationLandscapeLeft UIInterfaceOrientationLandscapeRight";
				INFOPLIST_KEY_UISupportedInterfaceOrientations_iPhone = "UIInterfaceOrientationPortrait UIInterfaceOrientationLandscapeLeft UIInterfaceOrientationLandscapeRight";
				LD_RUNPATH_SEARCH_PATHS = (
					"$(inherited)",
					"@executable_path/Frameworks",
				);
				MARKETING_VERSION = 1.0;
				PRODUCT_BUNDLE_IDENTIFIER = Prework.parstagram;
				PRODUCT_NAME = "$(TARGET_NAME)";
				SWIFT_EMIT_LOC_STRINGS = YES;
				SWIFT_VERSION = 5.0;
				TARGETED_DEVICE_FAMILY = "1,2";
			};
			name = Release;
		};
		96C25D7027EE699F004CF6A2 /* Debug */ = {
			isa = XCBuildConfiguration;
			baseConfigurationReference = 5866C80DF80E4B18AC3234FA /* Pods-parstagramTests.debug.xcconfig */;
			buildSettings = {
				ALWAYS_EMBED_SWIFT_STANDARD_LIBRARIES = YES;
				BUNDLE_LOADER = "$(TEST_HOST)";
				CODE_SIGN_STYLE = Automatic;
				CURRENT_PROJECT_VERSION = 1;
				DEVELOPMENT_TEAM = 35Y5848D5Y;
				GENERATE_INFOPLIST_FILE = YES;
				IPHONEOS_DEPLOYMENT_TARGET = 15.2;
				MARKETING_VERSION = 1.0;
				PRODUCT_BUNDLE_IDENTIFIER = Prework.parstagramTests;
				PRODUCT_NAME = "$(TARGET_NAME)";
				SWIFT_EMIT_LOC_STRINGS = NO;
				SWIFT_VERSION = 5.0;
				TARGETED_DEVICE_FAMILY = "1,2";
				TEST_HOST = "$(BUILT_PRODUCTS_DIR)/parstagram.app/parstagram";
			};
			name = Debug;
		};
		96C25D7127EE699F004CF6A2 /* Release */ = {
			isa = XCBuildConfiguration;
			baseConfigurationReference = 0E69B4D4F5BA1AB1823A28A7 /* Pods-parstagramTests.release.xcconfig */;
			buildSettings = {
				ALWAYS_EMBED_SWIFT_STANDARD_LIBRARIES = YES;
				BUNDLE_LOADER = "$(TEST_HOST)";
				CODE_SIGN_STYLE = Automatic;
				CURRENT_PROJECT_VERSION = 1;
				DEVELOPMENT_TEAM = 35Y5848D5Y;
				GENERATE_INFOPLIST_FILE = YES;
				IPHONEOS_DEPLOYMENT_TARGET = 15.2;
				MARKETING_VERSION = 1.0;
				PRODUCT_BUNDLE_IDENTIFIER = Prework.parstagramTests;
				PRODUCT_NAME = "$(TARGET_NAME)";
				SWIFT_EMIT_LOC_STRINGS = NO;
				SWIFT_VERSION = 5.0;
				TARGETED_DEVICE_FAMILY = "1,2";
				TEST_HOST = "$(BUILT_PRODUCTS_DIR)/parstagram.app/parstagram";
			};
			name = Release;
		};
		96C25D7327EE699F004CF6A2 /* Debug */ = {
			isa = XCBuildConfiguration;
			baseConfigurationReference = E16952F6658EBAB558CD5A86 /* Pods-parstagram-parstagramUITests.debug.xcconfig */;
			buildSettings = {
				ALWAYS_EMBED_SWIFT_STANDARD_LIBRARIES = YES;
				CODE_SIGN_STYLE = Automatic;
				CURRENT_PROJECT_VERSION = 1;
				DEVELOPMENT_TEAM = 35Y5848D5Y;
				GENERATE_INFOPLIST_FILE = YES;
				MARKETING_VERSION = 1.0;
				PRODUCT_BUNDLE_IDENTIFIER = Prework.parstagramUITests;
				PRODUCT_NAME = "$(TARGET_NAME)";
				SWIFT_EMIT_LOC_STRINGS = NO;
				SWIFT_VERSION = 5.0;
				TARGETED_DEVICE_FAMILY = "1,2";
				TEST_TARGET_NAME = parstagram;
			};
			name = Debug;
		};
		96C25D7427EE699F004CF6A2 /* Release */ = {
			isa = XCBuildConfiguration;
			baseConfigurationReference = 3B8A0293C18D817718FA3CFC /* Pods-parstagram-parstagramUITests.release.xcconfig */;
			buildSettings = {
				ALWAYS_EMBED_SWIFT_STANDARD_LIBRARIES = YES;
				CODE_SIGN_STYLE = Automatic;
				CURRENT_PROJECT_VERSION = 1;
				DEVELOPMENT_TEAM = 35Y5848D5Y;
				GENERATE_INFOPLIST_FILE = YES;
				MARKETING_VERSION = 1.0;
				PRODUCT_BUNDLE_IDENTIFIER = Prework.parstagramUITests;
				PRODUCT_NAME = "$(TARGET_NAME)";
				SWIFT_EMIT_LOC_STRINGS = NO;
				SWIFT_VERSION = 5.0;
				TARGETED_DEVICE_FAMILY = "1,2";
				TEST_TARGET_NAME = parstagram;
			};
			name = Release;
		};
/* End XCBuildConfiguration section */

/* Begin XCConfigurationList section */
		96C25D3D27EE699D004CF6A2 /* Build configuration list for PBXProject "parstagram" */ = {
			isa = XCConfigurationList;
			buildConfigurations = (
				96C25D6A27EE699F004CF6A2 /* Debug */,
				96C25D6B27EE699F004CF6A2 /* Release */,
			);
			defaultConfigurationIsVisible = 0;
			defaultConfigurationName = Release;
		};
		96C25D6C27EE699F004CF6A2 /* Build configuration list for PBXNativeTarget "parstagram" */ = {
			isa = XCConfigurationList;
			buildConfigurations = (
				96C25D6D27EE699F004CF6A2 /* Debug */,
				96C25D6E27EE699F004CF6A2 /* Release */,
			);
			defaultConfigurationIsVisible = 0;
			defaultConfigurationName = Release;
		};
		96C25D6F27EE699F004CF6A2 /* Build configuration list for PBXNativeTarget "parstagramTests" */ = {
			isa = XCConfigurationList;
			buildConfigurations = (
				96C25D7027EE699F004CF6A2 /* Debug */,
				96C25D7127EE699F004CF6A2 /* Release */,
			);
			defaultConfigurationIsVisible = 0;
			defaultConfigurationName = Release;
		};
		96C25D7227EE699F004CF6A2 /* Build configuration list for PBXNativeTarget "parstagramUITests" */ = {
			isa = XCConfigurationList;
			buildConfigurations = (
				96C25D7327EE699F004CF6A2 /* Debug */,
				96C25D7427EE699F004CF6A2 /* Release */,
			);
			defaultConfigurationIsVisible = 0;
			defaultConfigurationName = Release;
		};
/* End XCConfigurationList section */
	};
	rootObject = 96C25D3A27EE699D004CF6A2 /* Project object */;
}
